
Microsoft Visual Studio Solution File, Format Version 12.00
# Visual Studio Version 17
VisualStudioVersion = 17.3.32922.545
MinimumVisualStudioVersion = 10.0.40219.1
Project("{FAE04EC0-301F-11D3-BF4B-00C04F79EFBC}") = "AgendaEscritorio", "AgendaEscritorio\AgendaEscritorio.csproj", "{405A78F8-9A83-43C3-92E4-E09F27D7C55E}"
EndProject
Global
	GlobalSection(SolutionConfigurationPlatforms) = preSolution
		Debug|Any CPU = Debug|Any CPU
		Release|Any CPU = Release|Any CPU
	EndGlobalSection
	GlobalSection(ProjectConfigurationPlatforms) = postSolution
		{405A78F8-9A83-43C3-92E4-E09F27D7C55E}.Debug|Any CPU.ActiveCfg = Debug|Any CPU
		{405A78F8-9A83-43C3-92E4-E09F27D7C55E}.Debug|Any CPU.Build.0 = Debug|Any CPU
		{405A78F8-9A83-43C3-92E4-E09F27D7C55E}.Release|Any CPU.ActiveCfg = Release|Any CPU
		{405A78F8-9A83-43C3-92E4-E09F27D7C55E}.Release|Any CPU.Build.0 = Release|Any CPU
	EndGlobalSection
	GlobalSection(SolutionProperties) = preSolution
		HideSolutionNode = FALSE
	EndGlobalSection
	GlobalSection(ExtensibilityGlobals) = postSolution
		SolutionGuid = {64E8B57D-D061-4AC6-9EAF-8A29081D6513}
	EndGlobalSection
EndGlobal
